
Microsoft Visual Studio Solution File, Format Version 12.00
# Visual Studio 2012
Project("{FAE04EC0-301F-11D3-BF4B-00C04F79EFBC}") = "FogBugzApiTests", "FogBugzApiTests\FogBugzApiTests.csproj", "{CF207001-C509-40A9-98AF-B0BF09A9B658}"
EndProject
Project("{FAE04EC0-301F-11D3-BF4B-00C04F79EFBC}") = "FogBugzApi", "FogBugzApi\FogBugzApi.csproj", "{7A2234C3-C4AE-4086-B7CE-8311CB968907}"
EndProject
Project("{2150E333-8FDC-42A3-9474-1A3956D46DE8}") = ".nuget", ".nuget", "{3C4D02BC-4B1C-4030-9BFC-B88FAD151512}"
	ProjectSection(SolutionItems) = preProject
		.nuget\NuGet.Config = .nuget\NuGet.Config
		.nuget\NuGet.exe = .nuget\NuGet.exe
		.nuget\NuGet.targets = .nuget\NuGet.targets
	EndProjectSection
EndProject
Global
	GlobalSection(SolutionConfigurationPlatforms) = preSolution
		Debug|Any CPU = Debug|Any CPU
		Release|Any CPU = Release|Any CPU
	EndGlobalSection
	GlobalSection(ProjectConfigurationPlatforms) = postSolution
		{CF207001-C509-40A9-98AF-B0BF09A9B658}.Debug|Any CPU.ActiveCfg = Debug|Any CPU
		{CF207001-C509-40A9-98AF-B0BF09A9B658}.Debug|Any CPU.Build.0 = Debug|Any CPU
		{CF207001-C509-40A9-98AF-B0BF09A9B658}.Release|Any CPU.ActiveCfg = Release|Any CPU
		{CF207001-C509-40A9-98AF-B0BF09A9B658}.Release|Any CPU.Build.0 = Release|Any CPU
		{7A2234C3-C4AE-4086-B7CE-8311CB968907}.Debug|Any CPU.ActiveCfg = Debug|Any CPU
		{7A2234C3-C4AE-4086-B7CE-8311CB968907}.Debug|Any CPU.Build.0 = Debug|Any CPU
		{7A2234C3-C4AE-4086-B7CE-8311CB968907}.Release|Any CPU.ActiveCfg = Release|Any CPU
		{7A2234C3-C4AE-4086-B7CE-8311CB968907}.Release|Any CPU.Build.0 = Release|Any CPU
	EndGlobalSection
	GlobalSection(SolutionProperties) = preSolution
		HideSolutionNode = FALSE
	EndGlobalSection
EndGlobal
